// !$*UTF8*$!
{
	archiveVersion = 1;
	classes = {
	};
	objectVersion = 50;
	objects = {

/* Begin PBXBuildFile section */
		D406DADD25C2F30B0064D3DA /* Programmers_멀쩡한사각형.swift in Sources */ = {isa = PBXBuildFile; fileRef = D406DADC25C2F30B0064D3DA /* Programmers_멀쩡한사각형.swift */; };
		D406DAE025C2F9AA0064D3DA /* Programmers_삼각달팽이.swift in Sources */ = {isa = PBXBuildFile; fileRef = D406DADF25C2F9AA0064D3DA /* Programmers_삼각달팽이.swift */; };
		D406DAE325C308660064D3DA /* Programmers_문자열압축.swift in Sources */ = {isa = PBXBuildFile; fileRef = D406DAE225C308660064D3DA /* Programmers_문자열압축.swift */; };
		D422CE2225B1E4F70049625A /* Programmers_크레인인형뽑기게임.swift in Sources */ = {isa = PBXBuildFile; fileRef = D422CE2125B1E4F70049625A /* Programmers_크레인인형뽑기게임.swift */; };
		D42AFCC425A73B5F008B7A0D /* Programmers_두개뽑아서더하기.swift in Sources */ = {isa = PBXBuildFile; fileRef = D42AFCC325A73B5F008B7A0D /* Programmers_두개뽑아서더하기.swift */; };
		D42AFCC725A7414F008B7A0D /* Programmers_3진법뒤집기.swift in Sources */ = {isa = PBXBuildFile; fileRef = D42AFCC625A7414F008B7A0D /* Programmers_3진법뒤집기.swift */; };
		D42D034E25B6713900E07C6C /* Programmers_다트게임.swift in Sources */ = {isa = PBXBuildFile; fileRef = D42D034D25B6713900E07C6C /* Programmers_다트게임.swift */; };
		D42E8BFF25B9BC370036AB3F /* Programmers_핸드폰번호가리기.swift in Sources */ = {isa = PBXBuildFile; fileRef = D42E8BFE25B9BC370036AB3F /* Programmers_핸드폰번호가리기.swift */; };
		D42E8C0225B9BDB30036AB3F /* Programmers_행렬의덧셈.swift in Sources */ = {isa = PBXBuildFile; fileRef = D42E8C0125B9BDB30036AB3F /* Programmers_행렬의덧셈.swift */; };
		D42E8C0525B9C2DA0036AB3F /* Programmers_x만큼간격이있는n개의숫자.swift in Sources */ = {isa = PBXBuildFile; fileRef = D42E8C0425B9C2DA0036AB3F /* Programmers_x만큼간격이있는n개의숫자.swift */; };
		D431D758259CB84C00E14F8C /* main.swift in Sources */ = {isa = PBXBuildFile; fileRef = D431D757259CB84C00E14F8C /* main.swift */; };
		D431D760259CB8D100E14F8C /* BOJ_11726.swift in Sources */ = {isa = PBXBuildFile; fileRef = D431D75F259CB8D100E14F8C /* BOJ_11726.swift */; };
		D4482C6825A3058C009499A6 /* Programmers_괄호변환.swift in Sources */ = {isa = PBXBuildFile; fileRef = D4482C6725A3058C009499A6 /* Programmers_괄호변환.swift */; };
		D44A0C3C25C1826500E97334 /* Programmers_기둥과보설치.swift in Sources */ = {isa = PBXBuildFile; fileRef = D44A0C3B25C1826500E97334 /* Programmers_기둥과보설치.swift */; };
		D44C831A25BFBC9E00052BB7 /* Programmers_길찾기게임.swift in Sources */ = {isa = PBXBuildFile; fileRef = D44C831925BFBC9E00052BB7 /* Programmers_길찾기게임.swift */; };
		D44E3B1325D4F3370056537B /* Programmers_수식최대화.swift in Sources */ = {isa = PBXBuildFile; fileRef = D44E3B1225D4F3370056537B /* Programmers_수식최대화.swift */; };
		D44E3B1625D5142F0056537B /* Programmers_JadenCase문자열만들기.swift in Sources */ = {isa = PBXBuildFile; fileRef = D44E3B1525D5142F0056537B /* Programmers_JadenCase문자열만들기.swift */; };
		D44E3B1925D51AD90056537B /* Programmers_N개의최소공배수.swift in Sources */ = {isa = PBXBuildFile; fileRef = D44E3B1825D51AD90056537B /* Programmers_N개의최소공배수.swift */; };
		D453138925B9766E009E4E04 /* Programmers_수박수박수박수박수박수?.swift in Sources */ = {isa = PBXBuildFile; fileRef = D453138825B9766E009E4E04 /* Programmers_수박수박수박수박수박수?.swift */; };
		D453138D25B97741009E4E04 /* Programmers_시저암호.swift in Sources */ = {isa = PBXBuildFile; fileRef = D453138C25B97741009E4E04 /* Programmers_시저암호.swift */; };
		D453139025B99543009E4E04 /* Programmers_실패율.swift in Sources */ = {isa = PBXBuildFile; fileRef = D453138F25B99543009E4E04 /* Programmers_실패율.swift */; };
		D453139325B99DB2009E4E04 /* Programmers_약수의합.swift in Sources */ = {isa = PBXBuildFile; fileRef = D453139225B99DB2009E4E04 /* Programmers_약수의합.swift */; };
		D453139625B99F1B009E4E04 /* Programmers_예산.swift in Sources */ = {isa = PBXBuildFile; fileRef = D453139525B99F1B009E4E04 /* Programmers_예산.swift */; };
		D453139925B9A027009E4E04 /* Programmers_이상한문자만들기.swift in Sources */ = {isa = PBXBuildFile; fileRef = D453139825B9A027009E4E04 /* Programmers_이상한문자만들기.swift */; };
		D453139C25B9A708009E4E04 /* Programmers_자릿수더하기.swift in Sources */ = {isa = PBXBuildFile; fileRef = D453139B25B9A708009E4E04 /* Programmers_자릿수더하기.swift */; };
		D453139F25B9A7C9009E4E04 /* Programmers_자연수뒤집어배열로만들기.swift in Sources */ = {isa = PBXBuildFile; fileRef = D453139E25B9A7C9009E4E04 /* Programmers_자연수뒤집어배열로만들기.swift */; };
		D45313A225B9A8BA009E4E04 /* Programmers_정수내림차순으로배치하기.swift in Sources */ = {isa = PBXBuildFile; fileRef = D45313A125B9A8BA009E4E04 /* Programmers_정수내림차순으로배치하기.swift */; };
		D45313A525B9A9C4009E4E04 /* Programmers_정수제곱근판별.swift in Sources */ = {isa = PBXBuildFile; fileRef = D45313A425B9A9C4009E4E04 /* Programmers_정수제곱근판별.swift */; };
		D45313A825B9AAFA009E4E04 /* Programmers_제일작은수제거하기.swift in Sources */ = {isa = PBXBuildFile; fileRef = D45313A725B9AAFA009E4E04 /* Programmers_제일작은수제거하기.swift */; };
		D45313AB25B9ABDB009E4E04 /* Programmers_직사각형별찍기.swift in Sources */ = {isa = PBXBuildFile; fileRef = D45313AA25B9ABDB009E4E04 /* Programmers_직사각형별찍기.swift */; };
		D45313AE25B9AD29009E4E04 /* Programmers_짝수와홀수.swift in Sources */ = {isa = PBXBuildFile; fileRef = D45313AD25B9AD29009E4E04 /* Programmers_짝수와홀수.swift */; };
		D45313B125B9AE53009E4E04 /* Programmers_최대공약수와최소공배수.swift in Sources */ = {isa = PBXBuildFile; fileRef = D45313B025B9AE53009E4E04 /* Programmers_최대공약수와최소공배수.swift */; };
		D45313B425B9B3F0009E4E04 /* Programmers_콜라츠추측.swift in Sources */ = {isa = PBXBuildFile; fileRef = D45313B325B9B3F0009E4E04 /* Programmers_콜라츠추측.swift */; };
		D45313B725B9B4EE009E4E04 /* Programmers_키패드누르기.swift in Sources */ = {isa = PBXBuildFile; fileRef = D45313B625B9B4EE009E4E04 /* Programmers_키패드누르기.swift */; };
		D45313BA25B9B9B2009E4E04 /* Programmers_평균구하기.swift in Sources */ = {isa = PBXBuildFile; fileRef = D45313B925B9B9B2009E4E04 /* Programmers_평균구하기.swift */; };
		D45313BD25B9BA45009E4E04 /* Programmers_하샤드수.swift in Sources */ = {isa = PBXBuildFile; fileRef = D45313BC25B9BA45009E4E04 /* Programmers_하샤드수.swift */; };
		D4597E7C25B4242800255DB2 /* Programmers_모의고사.swift in Sources */ = {isa = PBXBuildFile; fileRef = D4597E7B25B4242800255DB2 /* Programmers_모의고사.swift */; };
		D4597E7F25B424EB00255DB2 /* Programmers_체육복.swift in Sources */ = {isa = PBXBuildFile; fileRef = D4597E7E25B424EB00255DB2 /* Programmers_체육복.swift */; };
		D4597E8225B427EA00255DB2 /* Programmers_2016년.swift in Sources */ = {isa = PBXBuildFile; fileRef = D4597E8125B427EA00255DB2 /* Programmers_2016년.swift */; };
		D4597E8525B42A4E00255DB2 /* Programmers_가운데글자가져오기.swift in Sources */ = {isa = PBXBuildFile; fileRef = D4597E8425B42A4E00255DB2 /* Programmers_가운데글자가져오기.swift */; };
		D4597E8825B430A200255DB2 /* Programmers_나누어떨어지는숫자배열.swift in Sources */ = {isa = PBXBuildFile; fileRef = D4597E8725B430A200255DB2 /* Programmers_나누어떨어지는숫자배열.swift */; };
		D4597E8B25B4347500255DB2 /* Programmers_두정수사이의합.swift in Sources */ = {isa = PBXBuildFile; fileRef = D4597E8A25B4347500255DB2 /* Programmers_두정수사이의합.swift */; };
		D4597E8E25B437E800255DB2 /* Programmers_문자열내마음대로정렬하기.swift in Sources */ = {isa = PBXBuildFile; fileRef = D4597E8D25B437E800255DB2 /* Programmers_문자열내마음대로정렬하기.swift */; };
		D4597E9125B439C900255DB2 /* Programmers_문자열내p와y의개수.swift in Sources */ = {isa = PBXBuildFile; fileRef = D4597E9025B439C900255DB2 /* Programmers_문자열내p와y의개수.swift */; };
		D46B134825B84A4300825E09 /* BOJ_1916.swift in Sources */ = {isa = PBXBuildFile; fileRef = D46B134725B84A4300825E09 /* BOJ_1916.swift */; };
		D46C390225B6C0BE0013D7C0 /* Programmers_비밀지도.swift in Sources */ = {isa = PBXBuildFile; fileRef = D46C390125B6C0BE0013D7C0 /* Programmers_비밀지도.swift */; };
		D46C390525B6C6D50013D7C0 /* Programmers_서울에서김서방찾기.swift in Sources */ = {isa = PBXBuildFile; fileRef = D46C390425B6C6D50013D7C0 /* Programmers_서울에서김서방찾기.swift */; };
		D46C390825B6C7EE0013D7C0 /* Programmers_소수찾기1.swift in Sources */ = {isa = PBXBuildFile; fileRef = D46C390725B6C7EE0013D7C0 /* Programmers_소수찾기1.swift */; };
		D487811025C699C3000CA3F2 /* Programmers_가장큰수.swift in Sources */ = {isa = PBXBuildFile; fileRef = D487810F25C699C3000CA3F2 /* Programmers_가장큰수.swift */; };
		D48C776525C3D54700D46F46 /* Programmers_소수찾기2.swift in Sources */ = {isa = PBXBuildFile; fileRef = D48C776425C3D54700D46F46 /* Programmers_소수찾기2.swift */; };
		D494703125CEF2AD0030961F /* Programmers_올바른괄호.swift in Sources */ = {isa = PBXBuildFile; fileRef = D494703025CEF2AD0030961F /* Programmers_올바른괄호.swift */; };
		D494703425CEF7FE0030961F /* Programmers_튜플.swift in Sources */ = {isa = PBXBuildFile; fileRef = D494703325CEF7FE0030961F /* Programmers_튜플.swift */; };
		D494703725CEFAB10030961F /* Programmers_다음큰숫자.swift in Sources */ = {isa = PBXBuildFile; fileRef = D494703625CEFAB10030961F /* Programmers_다음큰숫자.swift */; };
		D495C2F025CCD80100E7A674 /* Programmers_위장.swift in Sources */ = {isa = PBXBuildFile; fileRef = D495C2EF25CCD80100E7A674 /* Programmers_위장.swift */; };
		D495C2F325CCED1700E7A674 /* Programmers_타겟넘버.swift in Sources */ = {isa = PBXBuildFile; fileRef = D495C2F225CCED1700E7A674 /* Programmers_타겟넘버.swift */; };
		D495C2F625CD27EA00E7A674 /* Programmers_카펫.swift in Sources */ = {isa = PBXBuildFile; fileRef = D495C2F525CD27EA00E7A674 /* Programmers_카펫.swift */; };
		D495C2F925CD29B300E7A674 /* Programmers_순위검색.swift in Sources */ = {isa = PBXBuildFile; fileRef = D495C2F825CD29B300E7A674 /* Programmers_순위검색.swift */; };
		D495C2FC25CD44A200E7A674 /* Programmers_쿼드압축후개수세기.swift in Sources */ = {isa = PBXBuildFile; fileRef = D495C2FB25CD44A200E7A674 /* Programmers_쿼드압축후개수세기.swift */; };
		D4A2E26125D82E9900643B07 /* Programmers_[1차]뉴스클러스터링.swift in Sources */ = {isa = PBXBuildFile; fileRef = D4A2E26025D82E9900643B07 /* Programmers_[1차]뉴스클러스터링.swift */; };
		D4A2E26425D84FAE00643B07 /* Programmers_[1차]프렌즈4블록.swift in Sources */ = {isa = PBXBuildFile; fileRef = D4A2E26325D84FAE00643B07 /* Programmers_[1차]프렌즈4블록.swift */; };
		D4AB680C25B52FE2002D8477 /* Programmers_가사검색.swift in Sources */ = {isa = PBXBuildFile; fileRef = D4AB680B25B52FE2002D8477 /* Programmers_가사검색.swift */; };
		D4AB680F25B5DE3A002D8477 /* Programmers_내적.swift in Sources */ = {isa = PBXBuildFile; fileRef = D4AB680E25B5DE3A002D8477 /* Programmers_내적.swift */; };
		D4AB681225B5DFE0002D8477 /* Programmers_문자열내림차순으로배치하기.swift in Sources */ = {isa = PBXBuildFile; fileRef = D4AB681125B5DFE0002D8477 /* Programmers_문자열내림차순으로배치하기.swift */; };
		D4AB681525B5E09A002D8477 /* Programmers_문자열다루기기본.swift in Sources */ = {isa = PBXBuildFile; fileRef = D4AB681425B5E09A002D8477 /* Programmers_문자열다루기기본.swift */; };
		D4AB681825B5E126002D8477 /* Programmers_문자열을정수로바꾸기.swift in Sources */ = {isa = PBXBuildFile; fileRef = D4AB681725B5E126002D8477 /* Programmers_문자열을정수로바꾸기.swift */; };
		D4BC1EE925B2BB280057B6AE /* Programmers_K번째수.swift in Sources */ = {isa = PBXBuildFile; fileRef = D4BC1EE825B2BB280057B6AE /* Programmers_K번째수.swift */; };
		D4BF24CC25C401EA00AEE0D1 /* Programmers_메뉴리뉴얼.swift in Sources */ = {isa = PBXBuildFile; fileRef = D4BF24CB25C401EA00AEE0D1 /* Programmers_메뉴리뉴얼.swift */; };
		D4BF24CF25C5284D00AEE0D1 /* Programmers_조이스틱.swift in Sources */ = {isa = PBXBuildFile; fileRef = D4BF24CE25C5284D00AEE0D1 /* Programmers_조이스틱.swift */; };
		D4BF24D225C53DE800AEE0D1 /* Programmers_큰수만들기.swift in Sources */ = {isa = PBXBuildFile; fileRef = D4BF24D125C53DE800AEE0D1 /* Programmers_큰수만들기.swift */; };
		D4C2BE1225D6AAD0001ECDD8 /* Programmers_짝지어제거하기.swift in Sources */ = {isa = PBXBuildFile; fileRef = D4C2BE1125D6AAD0001ECDD8 /* Programmers_짝지어제거하기.swift */; };
		D4C2BE1525D6AE88001ECDD8 /* Programmers_점프와순간이동.swift in Sources */ = {isa = PBXBuildFile; fileRef = D4C2BE1425D6AE88001ECDD8 /* Programmers_점프와순간이동.swift */; };
		D4C2BE1825D6B0DE001ECDD8 /* Programmers_영어끝말잇기.swift in Sources */ = {isa = PBXBuildFile; fileRef = D4C2BE1725D6B0DE001ECDD8 /* Programmers_영어끝말잇기.swift */; };
		D4C2BE1B25D6B392001ECDD8 /* Programmers_예상대진표.swift in Sources */ = {isa = PBXBuildFile; fileRef = D4C2BE1A25D6B392001ECDD8 /* Programmers_예상대진표.swift */; };
		D4CC197825BFB431008639C9 /* Programmers_오픈채팅방.swift in Sources */ = {isa = PBXBuildFile; fileRef = D4CC197725BFB431008639C9 /* Programmers_오픈채팅방.swift */; };
		D4CF330E25BE86B50063535F /* Programmers_스킬트리.swift in Sources */ = {isa = PBXBuildFile; fileRef = D4CF330D25BE86B50063535F /* Programmers_스킬트리.swift */; };
		D4CF331125BE8A4C0063535F /* Programmers_기능개발.swift in Sources */ = {isa = PBXBuildFile; fileRef = D4CF331025BE8A4C0063535F /* Programmers_기능개발.swift */; };
		D4CF331425BE93270063535F /* Programmers_다리를지나는트럭.swift in Sources */ = {isa = PBXBuildFile; fileRef = D4CF331325BE93270063535F /* Programmers_다리를지나는트럭.swift */; };
		D4CF331725BEA0570063535F /* Programmers_프린터.swift in Sources */ = {isa = PBXBuildFile; fileRef = D4CF331625BEA0570063535F /* Programmers_프린터.swift */; };
		D4D6547425CBBA8B0073F124 /* Programmers_HIndex.swift in Sources */ = {isa = PBXBuildFile; fileRef = D4D6547325CBBA8B0073F124 /* Programmers_HIndex.swift */; };
		D4E4073D25CAF9FB001BDF6D /* Programmers_소수만들기.swift in Sources */ = {isa = PBXBuildFile; fileRef = D4E4073C25CAF9FB001BDF6D /* Programmers_소수만들기.swift */; };
		D4E451C925D0D07600A323DF /* Programmers_최솟값만들기.swift in Sources */ = {isa = PBXBuildFile; fileRef = D4E451C825D0D07600A323DF /* Programmers_최솟값만들기.swift */; };
		D4E451CC25D0E1CA00A323DF /* Programmers_피보나치수.swift in Sources */ = {isa = PBXBuildFile; fileRef = D4E451CB25D0E1CA00A323DF /* Programmers_피보나치수.swift */; };
		D4E451CF25D1372200A323DF /* Programmers_행렬의곱셈.swift in Sources */ = {isa = PBXBuildFile; fileRef = D4E451CE25D1372200A323DF /* Programmers_행렬의곱셈.swift */; };
		D4E9BEE325CD7DD500BAD235 /* Programmers_가장큰정사각형찾기.swift in Sources */ = {isa = PBXBuildFile; fileRef = D4E9BEE225CD7DD500BAD235 /* Programmers_가장큰정사각형찾기.swift */; };
		D4FF414625CFD01200E32D8F /* Programmers_땅따먹기.swift in Sources */ = {isa = PBXBuildFile; fileRef = D4FF414525CFD01200E32D8F /* Programmers_땅따먹기.swift */; };
		D4FF414925D02E0900E32D8F /* Programmers_이진변환반복하기.swift in Sources */ = {isa = PBXBuildFile; fileRef = D4FF414825D02E0900E32D8F /* Programmers_이진변환반복하기.swift */; };
		D4FF414C25D034A600E32D8F /* Programmers_최댓값과최솟값.swift in Sources */ = {isa = PBXBuildFile; fileRef = D4FF414B25D034A600E32D8F /* Programmers_최댓값과최솟값.swift */; };
/* End PBXBuildFile section */

/* Begin PBXCopyFilesBuildPhase section */
		D431D752259CB84C00E14F8C /* CopyFiles */ = {
			isa = PBXCopyFilesBuildPhase;
			buildActionMask = 2147483647;
			dstPath = /usr/share/man/man1/;
			dstSubfolderSpec = 0;
			files = (
			);
			runOnlyForDeploymentPostprocessing = 1;
		};
/* End PBXCopyFilesBuildPhase section */

/* Begin PBXFileReference section */
		D406DADC25C2F30B0064D3DA /* Programmers_멀쩡한사각형.swift */ = {isa = PBXFileReference; lastKnownFileType = sourcecode.swift; path = "Programmers_멀쩡한사각형.swift"; sourceTree = "<group>"; };
		D406DADF25C2F9AA0064D3DA /* Programmers_삼각달팽이.swift */ = {isa = PBXFileReference; lastKnownFileType = sourcecode.swift; path = "Programmers_삼각달팽이.swift"; sourceTree = "<group>"; };
		D406DAE225C308660064D3DA /* Programmers_문자열압축.swift */ = {isa = PBXFileReference; lastKnownFileType = sourcecode.swift; path = "Programmers_문자열압축.swift"; sourceTree = "<group>"; };
		D422CE2125B1E4F70049625A /* Programmers_크레인인형뽑기게임.swift */ = {isa = PBXFileReference; lastKnownFileType = sourcecode.swift; path = "Programmers_크레인인형뽑기게임.swift"; sourceTree = "<group>"; };
		D42AFCC325A73B5F008B7A0D /* Programmers_두개뽑아서더하기.swift */ = {isa = PBXFileReference; lastKnownFileType = sourcecode.swift; path = "Programmers_두개뽑아서더하기.swift"; sourceTree = "<group>"; };
		D42AFCC625A7414F008B7A0D /* Programmers_3진법뒤집기.swift */ = {isa = PBXFileReference; lastKnownFileType = sourcecode.swift; path = "Programmers_3진법뒤집기.swift"; sourceTree = "<group>"; };
		D42D034D25B6713900E07C6C /* Programmers_다트게임.swift */ = {isa = PBXFileReference; lastKnownFileType = sourcecode.swift; path = "Programmers_다트게임.swift"; sourceTree = "<group>"; };
		D42E8BFE25B9BC370036AB3F /* Programmers_핸드폰번호가리기.swift */ = {isa = PBXFileReference; lastKnownFileType = sourcecode.swift; path = "Programmers_핸드폰번호가리기.swift"; sourceTree = "<group>"; };
		D42E8C0125B9BDB30036AB3F /* Programmers_행렬의덧셈.swift */ = {isa = PBXFileReference; lastKnownFileType = sourcecode.swift; path = "Programmers_행렬의덧셈.swift"; sourceTree = "<group>"; };
		D42E8C0425B9C2DA0036AB3F /* Programmers_x만큼간격이있는n개의숫자.swift */ = {isa = PBXFileReference; lastKnownFileType = sourcecode.swift; path = "Programmers_x만큼간격이있는n개의숫자.swift"; sourceTree = "<group>"; };
		D431D754259CB84C00E14F8C /* ProblemSolving */ = {isa = PBXFileReference; explicitFileType = "compiled.mach-o.executable"; includeInIndex = 0; path = ProblemSolving; sourceTree = BUILT_PRODUCTS_DIR; };
		D431D757259CB84C00E14F8C /* main.swift */ = {isa = PBXFileReference; lastKnownFileType = sourcecode.swift; path = main.swift; sourceTree = "<group>"; };
		D431D75F259CB8D100E14F8C /* BOJ_11726.swift */ = {isa = PBXFileReference; lastKnownFileType = sourcecode.swift; path = BOJ_11726.swift; sourceTree = "<group>"; };
		D4482C6725A3058C009499A6 /* Programmers_괄호변환.swift */ = {isa = PBXFileReference; lastKnownFileType = sourcecode.swift; path = "Programmers_괄호변환.swift"; sourceTree = "<group>"; };
		D44A0C3B25C1826500E97334 /* Programmers_기둥과보설치.swift */ = {isa = PBXFileReference; lastKnownFileType = sourcecode.swift; path = "Programmers_기둥과보설치.swift"; sourceTree = "<group>"; };
		D44C831925BFBC9E00052BB7 /* Programmers_길찾기게임.swift */ = {isa = PBXFileReference; lastKnownFileType = sourcecode.swift; path = "Programmers_길찾기게임.swift"; sourceTree = "<group>"; };
		D44E3B1225D4F3370056537B /* Programmers_수식최대화.swift */ = {isa = PBXFileReference; lastKnownFileType = sourcecode.swift; path = "Programmers_수식최대화.swift"; sourceTree = "<group>"; };
		D44E3B1525D5142F0056537B /* Programmers_JadenCase문자열만들기.swift */ = {isa = PBXFileReference; lastKnownFileType = sourcecode.swift; path = "Programmers_JadenCase문자열만들기.swift"; sourceTree = "<group>"; };
		D44E3B1825D51AD90056537B /* Programmers_N개의최소공배수.swift */ = {isa = PBXFileReference; lastKnownFileType = sourcecode.swift; path = "Programmers_N개의최소공배수.swift"; sourceTree = "<group>"; };
		D453138825B9766E009E4E04 /* Programmers_수박수박수박수박수박수?.swift */ = {isa = PBXFileReference; lastKnownFileType = sourcecode.swift; path = "Programmers_수박수박수박수박수박수?.swift"; sourceTree = "<group>"; };
		D453138C25B97741009E4E04 /* Programmers_시저암호.swift */ = {isa = PBXFileReference; lastKnownFileType = sourcecode.swift; path = "Programmers_시저암호.swift"; sourceTree = "<group>"; };
		D453138F25B99543009E4E04 /* Programmers_실패율.swift */ = {isa = PBXFileReference; lastKnownFileType = sourcecode.swift; path = "Programmers_실패율.swift"; sourceTree = "<group>"; };
		D453139225B99DB2009E4E04 /* Programmers_약수의합.swift */ = {isa = PBXFileReference; lastKnownFileType = sourcecode.swift; path = "Programmers_약수의합.swift"; sourceTree = "<group>"; };
		D453139525B99F1B009E4E04 /* Programmers_예산.swift */ = {isa = PBXFileReference; lastKnownFileType = sourcecode.swift; path = "Programmers_예산.swift"; sourceTree = "<group>"; };
		D453139825B9A027009E4E04 /* Programmers_이상한문자만들기.swift */ = {isa = PBXFileReference; lastKnownFileType = sourcecode.swift; path = "Programmers_이상한문자만들기.swift"; sourceTree = "<group>"; };
		D453139B25B9A708009E4E04 /* Programmers_자릿수더하기.swift */ = {isa = PBXFileReference; lastKnownFileType = sourcecode.swift; path = "Programmers_자릿수더하기.swift"; sourceTree = "<group>"; };
		D453139E25B9A7C9009E4E04 /* Programmers_자연수뒤집어배열로만들기.swift */ = {isa = PBXFileReference; lastKnownFileType = sourcecode.swift; path = "Programmers_자연수뒤집어배열로만들기.swift"; sourceTree = "<group>"; };
		D45313A125B9A8BA009E4E04 /* Programmers_정수내림차순으로배치하기.swift */ = {isa = PBXFileReference; lastKnownFileType = sourcecode.swift; path = "Programmers_정수내림차순으로배치하기.swift"; sourceTree = "<group>"; };
		D45313A425B9A9C4009E4E04 /* Programmers_정수제곱근판별.swift */ = {isa = PBXFileReference; lastKnownFileType = sourcecode.swift; path = "Programmers_정수제곱근판별.swift"; sourceTree = "<group>"; };
		D45313A725B9AAFA009E4E04 /* Programmers_제일작은수제거하기.swift */ = {isa = PBXFileReference; lastKnownFileType = sourcecode.swift; path = "Programmers_제일작은수제거하기.swift"; sourceTree = "<group>"; };
		D45313AA25B9ABDB009E4E04 /* Programmers_직사각형별찍기.swift */ = {isa = PBXFileReference; lastKnownFileType = sourcecode.swift; path = "Programmers_직사각형별찍기.swift"; sourceTree = "<group>"; };
		D45313AD25B9AD29009E4E04 /* Programmers_짝수와홀수.swift */ = {isa = PBXFileReference; lastKnownFileType = sourcecode.swift; path = "Programmers_짝수와홀수.swift"; sourceTree = "<group>"; };
		D45313B025B9AE53009E4E04 /* Programmers_최대공약수와최소공배수.swift */ = {isa = PBXFileReference; lastKnownFileType = sourcecode.swift; path = "Programmers_최대공약수와최소공배수.swift"; sourceTree = "<group>"; };
		D45313B325B9B3F0009E4E04 /* Programmers_콜라츠추측.swift */ = {isa = PBXFileReference; lastKnownFileType = sourcecode.swift; path = "Programmers_콜라츠추측.swift"; sourceTree = "<group>"; };
		D45313B625B9B4EE009E4E04 /* Programmers_키패드누르기.swift */ = {isa = PBXFileReference; lastKnownFileType = sourcecode.swift; path = "Programmers_키패드누르기.swift"; sourceTree = "<group>"; };
		D45313B925B9B9B2009E4E04 /* Programmers_평균구하기.swift */ = {isa = PBXFileReference; lastKnownFileType = sourcecode.swift; path = "Programmers_평균구하기.swift"; sourceTree = "<group>"; };
		D45313BC25B9BA45009E4E04 /* Programmers_하샤드수.swift */ = {isa = PBXFileReference; lastKnownFileType = sourcecode.swift; path = "Programmers_하샤드수.swift"; sourceTree = "<group>"; };
		D4597E7B25B4242800255DB2 /* Programmers_모의고사.swift */ = {isa = PBXFileReference; lastKnownFileType = sourcecode.swift; path = "Programmers_모의고사.swift"; sourceTree = "<group>"; };
		D4597E7E25B424EB00255DB2 /* Programmers_체육복.swift */ = {isa = PBXFileReference; lastKnownFileType = sourcecode.swift; path = "Programmers_체육복.swift"; sourceTree = "<group>"; };
		D4597E8125B427EA00255DB2 /* Programmers_2016년.swift */ = {isa = PBXFileReference; lastKnownFileType = sourcecode.swift; path = "Programmers_2016년.swift"; sourceTree = "<group>"; };
		D4597E8425B42A4E00255DB2 /* Programmers_가운데글자가져오기.swift */ = {isa = PBXFileReference; lastKnownFileType = sourcecode.swift; path = "Programmers_가운데글자가져오기.swift"; sourceTree = "<group>"; };
		D4597E8725B430A200255DB2 /* Programmers_나누어떨어지는숫자배열.swift */ = {isa = PBXFileReference; lastKnownFileType = sourcecode.swift; path = "Programmers_나누어떨어지는숫자배열.swift"; sourceTree = "<group>"; };
		D4597E8A25B4347500255DB2 /* Programmers_두정수사이의합.swift */ = {isa = PBXFileReference; lastKnownFileType = sourcecode.swift; path = "Programmers_두정수사이의합.swift"; sourceTree = "<group>"; };
		D4597E8D25B437E800255DB2 /* Programmers_문자열내마음대로정렬하기.swift */ = {isa = PBXFileReference; lastKnownFileType = sourcecode.swift; path = "Programmers_문자열내마음대로정렬하기.swift"; sourceTree = "<group>"; };
		D4597E9025B439C900255DB2 /* Programmers_문자열내p와y의개수.swift */ = {isa = PBXFileReference; lastKnownFileType = sourcecode.swift; path = "Programmers_문자열내p와y의개수.swift"; sourceTree = "<group>"; };
		D46B134725B84A4300825E09 /* BOJ_1916.swift */ = {isa = PBXFileReference; lastKnownFileType = sourcecode.swift; path = BOJ_1916.swift; sourceTree = "<group>"; };
		D46C390125B6C0BE0013D7C0 /* Programmers_비밀지도.swift */ = {isa = PBXFileReference; lastKnownFileType = sourcecode.swift; path = "Programmers_비밀지도.swift"; sourceTree = "<group>"; };
		D46C390425B6C6D50013D7C0 /* Programmers_서울에서김서방찾기.swift */ = {isa = PBXFileReference; lastKnownFileType = sourcecode.swift; path = "Programmers_서울에서김서방찾기.swift"; sourceTree = "<group>"; };
		D46C390725B6C7EE0013D7C0 /* Programmers_소수찾기1.swift */ = {isa = PBXFileReference; lastKnownFileType = sourcecode.swift; path = "Programmers_소수찾기1.swift"; sourceTree = "<group>"; };
		D487810F25C699C3000CA3F2 /* Programmers_가장큰수.swift */ = {isa = PBXFileReference; lastKnownFileType = sourcecode.swift; path = "Programmers_가장큰수.swift"; sourceTree = "<group>"; };
		D48C776425C3D54700D46F46 /* Programmers_소수찾기2.swift */ = {isa = PBXFileReference; lastKnownFileType = sourcecode.swift; path = "Programmers_소수찾기2.swift"; sourceTree = "<group>"; };
		D494703025CEF2AD0030961F /* Programmers_올바른괄호.swift */ = {isa = PBXFileReference; lastKnownFileType = sourcecode.swift; path = "Programmers_올바른괄호.swift"; sourceTree = "<group>"; };
		D494703325CEF7FE0030961F /* Programmers_튜플.swift */ = {isa = PBXFileReference; lastKnownFileType = sourcecode.swift; path = "Programmers_튜플.swift"; sourceTree = "<group>"; };
		D494703625CEFAB10030961F /* Programmers_다음큰숫자.swift */ = {isa = PBXFileReference; lastKnownFileType = sourcecode.swift; path = "Programmers_다음큰숫자.swift"; sourceTree = "<group>"; };
		D495C2EF25CCD80100E7A674 /* Programmers_위장.swift */ = {isa = PBXFileReference; lastKnownFileType = sourcecode.swift; path = "Programmers_위장.swift"; sourceTree = "<group>"; };
		D495C2F225CCED1700E7A674 /* Programmers_타겟넘버.swift */ = {isa = PBXFileReference; lastKnownFileType = sourcecode.swift; path = "Programmers_타겟넘버.swift"; sourceTree = "<group>"; };
		D495C2F525CD27EA00E7A674 /* Programmers_카펫.swift */ = {isa = PBXFileReference; lastKnownFileType = sourcecode.swift; path = "Programmers_카펫.swift"; sourceTree = "<group>"; };
		D495C2F825CD29B300E7A674 /* Programmers_순위검색.swift */ = {isa = PBXFileReference; lastKnownFileType = sourcecode.swift; path = "Programmers_순위검색.swift"; sourceTree = "<group>"; };
		D495C2FB25CD44A200E7A674 /* Programmers_쿼드압축후개수세기.swift */ = {isa = PBXFileReference; lastKnownFileType = sourcecode.swift; path = "Programmers_쿼드압축후개수세기.swift"; sourceTree = "<group>"; };
		D4A2E26025D82E9900643B07 /* Programmers_[1차]뉴스클러스터링.swift */ = {isa = PBXFileReference; lastKnownFileType = sourcecode.swift; path = "Programmers_[1차]뉴스클러스터링.swift"; sourceTree = "<group>"; };
		D4A2E26325D84FAE00643B07 /* Programmers_[1차]프렌즈4블록.swift */ = {isa = PBXFileReference; lastKnownFileType = sourcecode.swift; path = "Programmers_[1차]프렌즈4블록.swift"; sourceTree = "<group>"; };
		D4AB680B25B52FE2002D8477 /* Programmers_가사검색.swift */ = {isa = PBXFileReference; lastKnownFileType = sourcecode.swift; path = "Programmers_가사검색.swift"; sourceTree = "<group>"; };
		D4AB680E25B5DE3A002D8477 /* Programmers_내적.swift */ = {isa = PBXFileReference; lastKnownFileType = sourcecode.swift; path = "Programmers_내적.swift"; sourceTree = "<group>"; };
		D4AB681125B5DFE0002D8477 /* Programmers_문자열내림차순으로배치하기.swift */ = {isa = PBXFileReference; lastKnownFileType = sourcecode.swift; path = "Programmers_문자열내림차순으로배치하기.swift"; sourceTree = "<group>"; };
		D4AB681425B5E09A002D8477 /* Programmers_문자열다루기기본.swift */ = {isa = PBXFileReference; lastKnownFileType = sourcecode.swift; path = "Programmers_문자열다루기기본.swift"; sourceTree = "<group>"; };
		D4AB681725B5E126002D8477 /* Programmers_문자열을정수로바꾸기.swift */ = {isa = PBXFileReference; lastKnownFileType = sourcecode.swift; path = "Programmers_문자열을정수로바꾸기.swift"; sourceTree = "<group>"; };
		D4BC1EE825B2BB280057B6AE /* Programmers_K번째수.swift */ = {isa = PBXFileReference; lastKnownFileType = sourcecode.swift; path = "Programmers_K번째수.swift"; sourceTree = "<group>"; };
		D4BF24CB25C401EA00AEE0D1 /* Programmers_메뉴리뉴얼.swift */ = {isa = PBXFileReference; lastKnownFileType = sourcecode.swift; path = "Programmers_메뉴리뉴얼.swift"; sourceTree = "<group>"; };
		D4BF24CE25C5284D00AEE0D1 /* Programmers_조이스틱.swift */ = {isa = PBXFileReference; lastKnownFileType = sourcecode.swift; path = "Programmers_조이스틱.swift"; sourceTree = "<group>"; };
		D4BF24D125C53DE800AEE0D1 /* Programmers_큰수만들기.swift */ = {isa = PBXFileReference; lastKnownFileType = sourcecode.swift; path = "Programmers_큰수만들기.swift"; sourceTree = "<group>"; };
		D4C2BE1125D6AAD0001ECDD8 /* Programmers_짝지어제거하기.swift */ = {isa = PBXFileReference; lastKnownFileType = sourcecode.swift; path = "Programmers_짝지어제거하기.swift"; sourceTree = "<group>"; };
		D4C2BE1425D6AE88001ECDD8 /* Programmers_점프와순간이동.swift */ = {isa = PBXFileReference; lastKnownFileType = sourcecode.swift; path = "Programmers_점프와순간이동.swift"; sourceTree = "<group>"; };
		D4C2BE1725D6B0DE001ECDD8 /* Programmers_영어끝말잇기.swift */ = {isa = PBXFileReference; lastKnownFileType = sourcecode.swift; path = "Programmers_영어끝말잇기.swift"; sourceTree = "<group>"; };
		D4C2BE1A25D6B392001ECDD8 /* Programmers_예상대진표.swift */ = {isa = PBXFileReference; lastKnownFileType = sourcecode.swift; path = "Programmers_예상대진표.swift"; sourceTree = "<group>"; };
		D4CC197725BFB431008639C9 /* Programmers_오픈채팅방.swift */ = {isa = PBXFileReference; lastKnownFileType = sourcecode.swift; path = "Programmers_오픈채팅방.swift"; sourceTree = "<group>"; };
		D4CF330D25BE86B50063535F /* Programmers_스킬트리.swift */ = {isa = PBXFileReference; lastKnownFileType = sourcecode.swift; path = "Programmers_스킬트리.swift"; sourceTree = "<group>"; };
		D4CF331025BE8A4C0063535F /* Programmers_기능개발.swift */ = {isa = PBXFileReference; lastKnownFileType = sourcecode.swift; path = "Programmers_기능개발.swift"; sourceTree = "<group>"; };
		D4CF331325BE93270063535F /* Programmers_다리를지나는트럭.swift */ = {isa = PBXFileReference; lastKnownFileType = sourcecode.swift; path = "Programmers_다리를지나는트럭.swift"; sourceTree = "<group>"; };
		D4CF331625BEA0570063535F /* Programmers_프린터.swift */ = {isa = PBXFileReference; lastKnownFileType = sourcecode.swift; path = "Programmers_프린터.swift"; sourceTree = "<group>"; };
		D4D6547325CBBA8B0073F124 /* Programmers_HIndex.swift */ = {isa = PBXFileReference; lastKnownFileType = sourcecode.swift; path = Programmers_HIndex.swift; sourceTree = "<group>"; };
		D4E4073C25CAF9FB001BDF6D /* Programmers_소수만들기.swift */ = {isa = PBXFileReference; lastKnownFileType = sourcecode.swift; path = "Programmers_소수만들기.swift"; sourceTree = "<group>"; };
		D4E451C825D0D07600A323DF /* Programmers_최솟값만들기.swift */ = {isa = PBXFileReference; lastKnownFileType = sourcecode.swift; path = "Programmers_최솟값만들기.swift"; sourceTree = "<group>"; };
		D4E451CB25D0E1CA00A323DF /* Programmers_피보나치수.swift */ = {isa = PBXFileReference; lastKnownFileType = sourcecode.swift; path = "Programmers_피보나치수.swift"; sourceTree = "<group>"; };
		D4E451CE25D1372200A323DF /* Programmers_행렬의곱셈.swift */ = {isa = PBXFileReference; lastKnownFileType = sourcecode.swift; path = "Programmers_행렬의곱셈.swift"; sourceTree = "<group>"; };
		D4E9BEE225CD7DD500BAD235 /* Programmers_가장큰정사각형찾기.swift */ = {isa = PBXFileReference; lastKnownFileType = sourcecode.swift; path = "Programmers_가장큰정사각형찾기.swift"; sourceTree = "<group>"; };
		D4FF414525CFD01200E32D8F /* Programmers_땅따먹기.swift */ = {isa = PBXFileReference; lastKnownFileType = sourcecode.swift; path = "Programmers_땅따먹기.swift"; sourceTree = "<group>"; };
		D4FF414825D02E0900E32D8F /* Programmers_이진변환반복하기.swift */ = {isa = PBXFileReference; lastKnownFileType = sourcecode.swift; path = "Programmers_이진변환반복하기.swift"; sourceTree = "<group>"; };
		D4FF414B25D034A600E32D8F /* Programmers_최댓값과최솟값.swift */ = {isa = PBXFileReference; lastKnownFileType = sourcecode.swift; path = "Programmers_최댓값과최솟값.swift"; sourceTree = "<group>"; };
/* End PBXFileReference section */

/* Begin PBXFrameworksBuildPhase section */
		D431D751259CB84C00E14F8C /* Frameworks */ = {
			isa = PBXFrameworksBuildPhase;
			buildActionMask = 2147483647;
			files = (
			);
			runOnlyForDeploymentPostprocessing = 0;
		};
/* End PBXFrameworksBuildPhase section */

/* Begin PBXGroup section */
		D431D74B259CB84C00E14F8C = {
			isa = PBXGroup;
			children = (
				D431D756259CB84C00E14F8C /* ProblemSolving */,
				D431D755259CB84C00E14F8C /* Products */,
			);
			sourceTree = "<group>";
		};
		D431D755259CB84C00E14F8C /* Products */ = {
			isa = PBXGroup;
			children = (
				D431D754259CB84C00E14F8C /* ProblemSolving */,
			);
			name = Products;
			sourceTree = "<group>";
		};
		D431D756259CB84C00E14F8C /* ProblemSolving */ = {
			isa = PBXGroup;
			children = (
				D431D757259CB84C00E14F8C /* main.swift */,
				D46C390D25B802450013D7C0 /* 백준 */,
				D46C390A25B8020F0013D7C0 /* 프로그래머스 */,
			);
			path = ProblemSolving;
			sourceTree = "<group>";
		};
		D453138125B975B8009E4E04 /* 레벨1 */ = {
			isa = PBXGroup;
			children = (
				D4482C6725A3058C009499A6 /* Programmers_괄호변환.swift */,
				D42AFCC325A73B5F008B7A0D /* Programmers_두개뽑아서더하기.swift */,
				D42AFCC625A7414F008B7A0D /* Programmers_3진법뒤집기.swift */,
				D422CE2125B1E4F70049625A /* Programmers_크레인인형뽑기게임.swift */,
				D4BC1EE825B2BB280057B6AE /* Programmers_K번째수.swift */,
				D4597E7B25B4242800255DB2 /* Programmers_모의고사.swift */,
				D4597E7E25B424EB00255DB2 /* Programmers_체육복.swift */,
				D4597E8125B427EA00255DB2 /* Programmers_2016년.swift */,
				D4597E8425B42A4E00255DB2 /* Programmers_가운데글자가져오기.swift */,
				D4597E8725B430A200255DB2 /* Programmers_나누어떨어지는숫자배열.swift */,
				D4597E8A25B4347500255DB2 /* Programmers_두정수사이의합.swift */,
				D4597E8D25B437E800255DB2 /* Programmers_문자열내마음대로정렬하기.swift */,
				D4597E9025B439C900255DB2 /* Programmers_문자열내p와y의개수.swift */,
				D4AB680E25B5DE3A002D8477 /* Programmers_내적.swift */,
				D4AB681125B5DFE0002D8477 /* Programmers_문자열내림차순으로배치하기.swift */,
				D4AB681425B5E09A002D8477 /* Programmers_문자열다루기기본.swift */,
				D4AB681725B5E126002D8477 /* Programmers_문자열을정수로바꾸기.swift */,
				D42D034D25B6713900E07C6C /* Programmers_다트게임.swift */,
				D46C390125B6C0BE0013D7C0 /* Programmers_비밀지도.swift */,
				D46C390425B6C6D50013D7C0 /* Programmers_서울에서김서방찾기.swift */,
				D46C390725B6C7EE0013D7C0 /* Programmers_소수찾기1.swift */,
				D453138825B9766E009E4E04 /* Programmers_수박수박수박수박수박수?.swift */,
				D453138C25B97741009E4E04 /* Programmers_시저암호.swift */,
				D453138F25B99543009E4E04 /* Programmers_실패율.swift */,
				D453139225B99DB2009E4E04 /* Programmers_약수의합.swift */,
				D453139525B99F1B009E4E04 /* Programmers_예산.swift */,
				D453139825B9A027009E4E04 /* Programmers_이상한문자만들기.swift */,
				D453139B25B9A708009E4E04 /* Programmers_자릿수더하기.swift */,
				D453139E25B9A7C9009E4E04 /* Programmers_자연수뒤집어배열로만들기.swift */,
				D45313A125B9A8BA009E4E04 /* Programmers_정수내림차순으로배치하기.swift */,
				D45313A425B9A9C4009E4E04 /* Programmers_정수제곱근판별.swift */,
				D45313A725B9AAFA009E4E04 /* Programmers_제일작은수제거하기.swift */,
				D45313AA25B9ABDB009E4E04 /* Programmers_직사각형별찍기.swift */,
				D45313AD25B9AD29009E4E04 /* Programmers_짝수와홀수.swift */,
				D45313B025B9AE53009E4E04 /* Programmers_최대공약수와최소공배수.swift */,
				D45313B325B9B3F0009E4E04 /* Programmers_콜라츠추측.swift */,
				D45313B625B9B4EE009E4E04 /* Programmers_키패드누르기.swift */,
				D45313B925B9B9B2009E4E04 /* Programmers_평균구하기.swift */,
				D45313BC25B9BA45009E4E04 /* Programmers_하샤드수.swift */,
				D42E8BFE25B9BC370036AB3F /* Programmers_핸드폰번호가리기.swift */,
				D42E8C0125B9BDB30036AB3F /* Programmers_행렬의덧셈.swift */,
				D42E8C0425B9C2DA0036AB3F /* Programmers_x만큼간격이있는n개의숫자.swift */,
			);
			name = "레벨1";
			path = "레벨1";
			sourceTree = "<group>";
		};
		D453138525B975E9009E4E04 /* 레벨2 */ = {
			isa = PBXGroup;
			children = (
				D4CF330D25BE86B50063535F /* Programmers_스킬트리.swift */,
				D4CF331025BE8A4C0063535F /* Programmers_기능개발.swift */,
				D4CF331325BE93270063535F /* Programmers_다리를지나는트럭.swift */,
				D4CF331625BEA0570063535F /* Programmers_프린터.swift */,
				D4CC197725BFB431008639C9 /* Programmers_오픈채팅방.swift */,
				D406DADC25C2F30B0064D3DA /* Programmers_멀쩡한사각형.swift */,
				D406DADF25C2F9AA0064D3DA /* Programmers_삼각달팽이.swift */,
				D406DAE225C308660064D3DA /* Programmers_문자열압축.swift */,
				D48C776425C3D54700D46F46 /* Programmers_소수찾기2.swift */,
				D4BF24CB25C401EA00AEE0D1 /* Programmers_메뉴리뉴얼.swift */,
				D4BF24CE25C5284D00AEE0D1 /* Programmers_조이스틱.swift */,
				D4BF24D125C53DE800AEE0D1 /* Programmers_큰수만들기.swift */,
				D487810F25C699C3000CA3F2 /* Programmers_가장큰수.swift */,
				D4E4073C25CAF9FB001BDF6D /* Programmers_소수만들기.swift */,
				D4D6547325CBBA8B0073F124 /* Programmers_HIndex.swift */,
				D495C2EF25CCD80100E7A674 /* Programmers_위장.swift */,
				D495C2F225CCED1700E7A674 /* Programmers_타겟넘버.swift */,
				D495C2F525CD27EA00E7A674 /* Programmers_카펫.swift */,
				D495C2F825CD29B300E7A674 /* Programmers_순위검색.swift */,
				D495C2FB25CD44A200E7A674 /* Programmers_쿼드압축후개수세기.swift */,
				D4E9BEE225CD7DD500BAD235 /* Programmers_가장큰정사각형찾기.swift */,
				D494703025CEF2AD0030961F /* Programmers_올바른괄호.swift */,
				D494703325CEF7FE0030961F /* Programmers_튜플.swift */,
				D494703625CEFAB10030961F /* Programmers_다음큰숫자.swift */,
				D4FF414525CFD01200E32D8F /* Programmers_땅따먹기.swift */,
				D4FF414825D02E0900E32D8F /* Programmers_이진변환반복하기.swift */,
				D4FF414B25D034A600E32D8F /* Programmers_최댓값과최솟값.swift */,
				D4E451C825D0D07600A323DF /* Programmers_최솟값만들기.swift */,
				D4E451CB25D0E1CA00A323DF /* Programmers_피보나치수.swift */,
				D4E451CE25D1372200A323DF /* Programmers_행렬의곱셈.swift */,
				D44E3B1225D4F3370056537B /* Programmers_수식최대화.swift */,
				D44E3B1525D5142F0056537B /* Programmers_JadenCase문자열만들기.swift */,
				D44E3B1825D51AD90056537B /* Programmers_N개의최소공배수.swift */,
				D4C2BE1125D6AAD0001ECDD8 /* Programmers_짝지어제거하기.swift */,
				D4C2BE1425D6AE88001ECDD8 /* Programmers_점프와순간이동.swift */,
				D4C2BE1725D6B0DE001ECDD8 /* Programmers_영어끝말잇기.swift */,
				D4C2BE1A25D6B392001ECDD8 /* Programmers_예상대진표.swift */,
				D4A2E26025D82E9900643B07 /* Programmers_[1차]뉴스클러스터링.swift */,
				D4A2E26325D84FAE00643B07 /* Programmers_[1차]프렌즈4블록.swift */,
			);
			name = "레벨2";
			path = "레벨2";
			sourceTree = "<group>";
		};
		D453138625B975EE009E4E04 /* 레벨3 */ = {
			isa = PBXGroup;
			children = (
				D44C831925BFBC9E00052BB7 /* Programmers_길찾기게임.swift */,
				D44A0C3B25C1826500E97334 /* Programmers_기둥과보설치.swift */,
			);
			name = "레벨3";
			path = "레벨3";
			sourceTree = "<group>";
		};
		D453138725B975F2009E4E04 /* 레벨4 */ = {
			isa = PBXGroup;
			children = (
				D4AB680B25B52FE2002D8477 /* Programmers_가사검색.swift */,
			);
			name = "레벨4";
			path = "레벨4";
			sourceTree = "<group>";
		};
		D46C390A25B8020F0013D7C0 /* 프로그래머스 */ = {
			isa = PBXGroup;
			children = (
				D453138125B975B8009E4E04 /* 레벨1 */,
				D453138525B975E9009E4E04 /* 레벨2 */,
				D453138625B975EE009E4E04 /* 레벨3 */,
				D453138725B975F2009E4E04 /* 레벨4 */,
			);
			name = "프로그래머스";
			path = "프로그래머스";
			sourceTree = "<group>";
		};
		D46C390D25B802450013D7C0 /* 백준 */ = {
			isa = PBXGroup;
			children = (
				D431D75F259CB8D100E14F8C /* BOJ_11726.swift */,
				D46B134725B84A4300825E09 /* BOJ_1916.swift */,
			);
			name = "백준";
			path = "백준";
			sourceTree = "<group>";
		};
/* End PBXGroup section */

/* Begin PBXNativeTarget section */
		D431D753259CB84C00E14F8C /* ProblemSolving */ = {
			isa = PBXNativeTarget;
			buildConfigurationList = D431D75B259CB84C00E14F8C /* Build configuration list for PBXNativeTarget "ProblemSolving" */;
			buildPhases = (
				D431D750259CB84C00E14F8C /* Sources */,
				D431D751259CB84C00E14F8C /* Frameworks */,
				D431D752259CB84C00E14F8C /* CopyFiles */,
			);
			buildRules = (
			);
			dependencies = (
			);
			name = ProblemSolving;
			productName = ProblemSolving;
			productReference = D431D754259CB84C00E14F8C /* ProblemSolving */;
			productType = "com.apple.product-type.tool";
		};
/* End PBXNativeTarget section */

/* Begin PBXProject section */
		D431D74C259CB84C00E14F8C /* Project object */ = {
			isa = PBXProject;
			attributes = {
				LastSwiftUpdateCheck = 1230;
				LastUpgradeCheck = 1230;
				TargetAttributes = {
					D431D753259CB84C00E14F8C = {
						CreatedOnToolsVersion = 12.3;
					};
				};
			};
			buildConfigurationList = D431D74F259CB84C00E14F8C /* Build configuration list for PBXProject "ProblemSolving" */;
			compatibilityVersion = "Xcode 9.3";
			developmentRegion = en;
			hasScannedForEncodings = 0;
			knownRegions = (
				en,
				Base,
			);
			mainGroup = D431D74B259CB84C00E14F8C;
			productRefGroup = D431D755259CB84C00E14F8C /* Products */;
			projectDirPath = "";
			projectRoot = "";
			targets = (
				D431D753259CB84C00E14F8C /* ProblemSolving */,
			);
		};
/* End PBXProject section */

/* Begin PBXSourcesBuildPhase section */
		D431D750259CB84C00E14F8C /* Sources */ = {
			isa = PBXSourcesBuildPhase;
			buildActionMask = 2147483647;
			files = (
				D494703125CEF2AD0030961F /* Programmers_올바른괄호.swift in Sources */,
				D45313B725B9B4EE009E4E04 /* Programmers_키패드누르기.swift in Sources */,
				D45313A225B9A8BA009E4E04 /* Programmers_정수내림차순으로배치하기.swift in Sources */,
				D4E9BEE325CD7DD500BAD235 /* Programmers_가장큰정사각형찾기.swift in Sources */,
				D4C2BE1225D6AAD0001ECDD8 /* Programmers_짝지어제거하기.swift in Sources */,
				D406DADD25C2F30B0064D3DA /* Programmers_멀쩡한사각형.swift in Sources */,
				D42D034E25B6713900E07C6C /* Programmers_다트게임.swift in Sources */,
				D406DAE325C308660064D3DA /* Programmers_문자열압축.swift in Sources */,
				D495C2F925CD29B300E7A674 /* Programmers_순위검색.swift in Sources */,
				D495C2F025CCD80100E7A674 /* Programmers_위장.swift in Sources */,
				D45313BD25B9BA45009E4E04 /* Programmers_하샤드수.swift in Sources */,
				D4CF331125BE8A4C0063535F /* Programmers_기능개발.swift in Sources */,
				D44E3B1625D5142F0056537B /* Programmers_JadenCase문자열만들기.swift in Sources */,
				D4FF414925D02E0900E32D8F /* Programmers_이진변환반복하기.swift in Sources */,
				D4FF414625CFD01200E32D8F /* Programmers_땅따먹기.swift in Sources */,
				D45313B425B9B3F0009E4E04 /* Programmers_콜라츠추측.swift in Sources */,
				D45313A525B9A9C4009E4E04 /* Programmers_정수제곱근판별.swift in Sources */,
				D431D758259CB84C00E14F8C /* main.swift in Sources */,
				D45313B125B9AE53009E4E04 /* Programmers_최대공약수와최소공배수.swift in Sources */,
				D4597E8525B42A4E00255DB2 /* Programmers_가운데글자가져오기.swift in Sources */,
				D453139925B9A027009E4E04 /* Programmers_이상한문자만들기.swift in Sources */,
				D4E451C925D0D07600A323DF /* Programmers_최솟값만들기.swift in Sources */,
				D4A2E26425D84FAE00643B07 /* Programmers_[1차]프렌즈4블록.swift in Sources */,
				D44E3B1925D51AD90056537B /* Programmers_N개의최소공배수.swift in Sources */,
				D42E8BFF25B9BC370036AB3F /* Programmers_핸드폰번호가리기.swift in Sources */,
				D431D760259CB8D100E14F8C /* BOJ_11726.swift in Sources */,
				D42AFCC425A73B5F008B7A0D /* Programmers_두개뽑아서더하기.swift in Sources */,
				D46C390225B6C0BE0013D7C0 /* Programmers_비밀지도.swift in Sources */,
				D453138925B9766E009E4E04 /* Programmers_수박수박수박수박수박수?.swift in Sources */,
				D42AFCC725A7414F008B7A0D /* Programmers_3진법뒤집기.swift in Sources */,
				D48C776525C3D54700D46F46 /* Programmers_소수찾기2.swift in Sources */,
				D46C390525B6C6D50013D7C0 /* Programmers_서울에서김서방찾기.swift in Sources */,
				D453139F25B9A7C9009E4E04 /* Programmers_자연수뒤집어배열로만들기.swift in Sources */,
				D4AB681525B5E09A002D8477 /* Programmers_문자열다루기기본.swift in Sources */,
				D453139325B99DB2009E4E04 /* Programmers_약수의합.swift in Sources */,
				D494703425CEF7FE0030961F /* Programmers_튜플.swift in Sources */,
				D42E8C0525B9C2DA0036AB3F /* Programmers_x만큼간격이있는n개의숫자.swift in Sources */,
				D4CF330E25BE86B50063535F /* Programmers_스킬트리.swift in Sources */,
				D4597E8825B430A200255DB2 /* Programmers_나누어떨어지는숫자배열.swift in Sources */,
				D4AB681825B5E126002D8477 /* Programmers_문자열을정수로바꾸기.swift in Sources */,
				D45313AB25B9ABDB009E4E04 /* Programmers_직사각형별찍기.swift in Sources */,
				D4AB681225B5DFE0002D8477 /* Programmers_문자열내림차순으로배치하기.swift in Sources */,
				D495C2FC25CD44A200E7A674 /* Programmers_쿼드압축후개수세기.swift in Sources */,
				D42E8C0225B9BDB30036AB3F /* Programmers_행렬의덧셈.swift in Sources */,
				D4CC197825BFB431008639C9 /* Programmers_오픈채팅방.swift in Sources */,
				D46B134825B84A4300825E09 /* BOJ_1916.swift in Sources */,
				D453139C25B9A708009E4E04 /* Programmers_자릿수더하기.swift in Sources */,
				D4BF24CF25C5284D00AEE0D1 /* Programmers_조이스틱.swift in Sources */,
				D45313BA25B9B9B2009E4E04 /* Programmers_평균구하기.swift in Sources */,
				D495C2F625CD27EA00E7A674 /* Programmers_카펫.swift in Sources */,
				D4597E7C25B4242800255DB2 /* Programmers_모의고사.swift in Sources */,
				D4E451CC25D0E1CA00A323DF /* Programmers_피보나치수.swift in Sources */,
				D487811025C699C3000CA3F2 /* Programmers_가장큰수.swift in Sources */,
				D45313A825B9AAFA009E4E04 /* Programmers_제일작은수제거하기.swift in Sources */,
				D4AB680F25B5DE3A002D8477 /* Programmers_내적.swift in Sources */,
				D4C2BE1525D6AE88001ECDD8 /* Programmers_점프와순간이동.swift in Sources */,
				D4482C6825A3058C009499A6 /* Programmers_괄호변환.swift in Sources */,
				D4BF24D225C53DE800AEE0D1 /* Programmers_큰수만들기.swift in Sources */,
				D4BF24CC25C401EA00AEE0D1 /* Programmers_메뉴리뉴얼.swift in Sources */,
				D4597E9125B439C900255DB2 /* Programmers_문자열내p와y의개수.swift in Sources */,
				D4D6547425CBBA8B0073F124 /* Programmers_HIndex.swift in Sources */,
				D494703725CEFAB10030961F /* Programmers_다음큰숫자.swift in Sources */,
				D44A0C3C25C1826500E97334 /* Programmers_기둥과보설치.swift in Sources */,
				D4FF414C25D034A600E32D8F /* Programmers_최댓값과최솟값.swift in Sources */,
				D4597E7F25B424EB00255DB2 /* Programmers_체육복.swift in Sources */,
				D44E3B1325D4F3370056537B /* Programmers_수식최대화.swift in Sources */,
				D4E4073D25CAF9FB001BDF6D /* Programmers_소수만들기.swift in Sources */,
				D406DAE025C2F9AA0064D3DA /* Programmers_삼각달팽이.swift in Sources */,
				D453139625B99F1B009E4E04 /* Programmers_예산.swift in Sources */,
				D4CF331725BEA0570063535F /* Programmers_프린터.swift in Sources */,
				D453139025B99543009E4E04 /* Programmers_실패율.swift in Sources */,
				D4597E8225B427EA00255DB2 /* Programmers_2016년.swift in Sources */,
				D44C831A25BFBC9E00052BB7 /* Programmers_길찾기게임.swift in Sources */,
				D422CE2225B1E4F70049625A /* Programmers_크레인인형뽑기게임.swift in Sources */,
				D4BC1EE925B2BB280057B6AE /* Programmers_K번째수.swift in Sources */,
				D4C2BE1825D6B0DE001ECDD8 /* Programmers_영어끝말잇기.swift in Sources */,
				D453138D25B97741009E4E04 /* Programmers_시저암호.swift in Sources */,
				D4E451CF25D1372200A323DF /* Programmers_행렬의곱셈.swift in Sources */,
				D4597E8E25B437E800255DB2 /* Programmers_문자열내마음대로정렬하기.swift in Sources */,
				D4A2E26125D82E9900643B07 /* Programmers_[1차]뉴스클러스터링.swift in Sources */,
				D4597E8B25B4347500255DB2 /* Programmers_두정수사이의합.swift in Sources */,
				D46C390825B6C7EE0013D7C0 /* Programmers_소수찾기1.swift in Sources */,
				D45313AE25B9AD29009E4E04 /* Programmers_짝수와홀수.swift in Sources */,
				D495C2F325CCED1700E7A674 /* Programmers_타겟넘버.swift in Sources */,
				D4CF331425BE93270063535F /* Programmers_다리를지나는트럭.swift in Sources */,
				D4AB680C25B52FE2002D8477 /* Programmers_가사검색.swift in Sources */,
				D4C2BE1B25D6B392001ECDD8 /* Programmers_예상대진표.swift in Sources */,
			);
			runOnlyForDeploymentPostprocessing = 0;
		};
/* End PBXSourcesBuildPhase section */

/* Begin XCBuildConfiguration section */
		D431D759259CB84C00E14F8C /* Debug */ = {
			isa = XCBuildConfiguration;
			buildSettings = {
				ALWAYS_SEARCH_USER_PATHS = NO;
				CLANG_ANALYZER_NONNULL = YES;
				CLANG_ANALYZER_NUMBER_OBJECT_CONVERSION = YES_AGGRESSIVE;
				CLANG_CXX_LANGUAGE_STANDARD = "gnu++14";
				CLANG_CXX_LIBRARY = "libc++";
				CLANG_ENABLE_MODULES = YES;
				CLANG_ENABLE_OBJC_ARC = YES;
				CLANG_ENABLE_OBJC_WEAK = YES;
				CLANG_WARN_BLOCK_CAPTURE_AUTORELEASING = YES;
				CLANG_WARN_BOOL_CONVERSION = YES;
				CLANG_WARN_COMMA = YES;
				CLANG_WARN_CONSTANT_CONVERSION = YES;
				CLANG_WARN_DEPRECATED_OBJC_IMPLEMENTATIONS = YES;
				CLANG_WARN_DIRECT_OBJC_ISA_USAGE = YES_ERROR;
				CLANG_WARN_DOCUMENTATION_COMMENTS = YES;
				CLANG_WARN_EMPTY_BODY = YES;
				CLANG_WARN_ENUM_CONVERSION = YES;
				CLANG_WARN_INFINITE_RECURSION = YES;
				CLANG_WARN_INT_CONVERSION = YES;
				CLANG_WARN_NON_LITERAL_NULL_CONVERSION = YES;
				CLANG_WARN_OBJC_IMPLICIT_RETAIN_SELF = YES;
				CLANG_WARN_OBJC_LITERAL_CONVERSION = YES;
				CLANG_WARN_OBJC_ROOT_CLASS = YES_ERROR;
				CLANG_WARN_QUOTED_INCLUDE_IN_FRAMEWORK_HEADER = YES;
				CLANG_WARN_RANGE_LOOP_ANALYSIS = YES;
				CLANG_WARN_STRICT_PROTOTYPES = YES;
				CLANG_WARN_SUSPICIOUS_MOVE = YES;
				CLANG_WARN_UNGUARDED_AVAILABILITY = YES_AGGRESSIVE;
				CLANG_WARN_UNREACHABLE_CODE = YES;
				CLANG_WARN__DUPLICATE_METHOD_MATCH = YES;
				COPY_PHASE_STRIP = NO;
				DEBUG_INFORMATION_FORMAT = dwarf;
				ENABLE_STRICT_OBJC_MSGSEND = YES;
				ENABLE_TESTABILITY = YES;
				GCC_C_LANGUAGE_STANDARD = gnu11;
				GCC_DYNAMIC_NO_PIC = NO;
				GCC_NO_COMMON_BLOCKS = YES;
				GCC_OPTIMIZATION_LEVEL = 0;
				GCC_PREPROCESSOR_DEFINITIONS = (
					"DEBUG=1",
					"$(inherited)",
				);
				GCC_WARN_64_TO_32_BIT_CONVERSION = YES;
				GCC_WARN_ABOUT_RETURN_TYPE = YES_ERROR;
				GCC_WARN_UNDECLARED_SELECTOR = YES;
				GCC_WARN_UNINITIALIZED_AUTOS = YES_AGGRESSIVE;
				GCC_WARN_UNUSED_FUNCTION = YES;
				GCC_WARN_UNUSED_VARIABLE = YES;
				MACOSX_DEPLOYMENT_TARGET = 11.1;
				MTL_ENABLE_DEBUG_INFO = INCLUDE_SOURCE;
				MTL_FAST_MATH = YES;
				ONLY_ACTIVE_ARCH = YES;
				SDKROOT = macosx;
				SWIFT_ACTIVE_COMPILATION_CONDITIONS = DEBUG;
				SWIFT_OPTIMIZATION_LEVEL = "-Onone";
			};
			name = Debug;
		};
		D431D75A259CB84C00E14F8C /* Release */ = {
			isa = XCBuildConfiguration;
			buildSettings = {
				ALWAYS_SEARCH_USER_PATHS = NO;
				CLANG_ANALYZER_NONNULL = YES;
				CLANG_ANALYZER_NUMBER_OBJECT_CONVERSION = YES_AGGRESSIVE;
				CLANG_CXX_LANGUAGE_STANDARD = "gnu++14";
				CLANG_CXX_LIBRARY = "libc++";
				CLANG_ENABLE_MODULES = YES;
				CLANG_ENABLE_OBJC_ARC = YES;
				CLANG_ENABLE_OBJC_WEAK = YES;
				CLANG_WARN_BLOCK_CAPTURE_AUTORELEASING = YES;
				CLANG_WARN_BOOL_CONVERSION = YES;
				CLANG_WARN_COMMA = YES;
				CLANG_WARN_CONSTANT_CONVERSION = YES;
				CLANG_WARN_DEPRECATED_OBJC_IMPLEMENTATIONS = YES;
				CLANG_WARN_DIRECT_OBJC_ISA_USAGE = YES_ERROR;
				CLANG_WARN_DOCUMENTATION_COMMENTS = YES;
				CLANG_WARN_EMPTY_BODY = YES;
				CLANG_WARN_ENUM_CONVERSION = YES;
				CLANG_WARN_INFINITE_RECURSION = YES;
				CLANG_WARN_INT_CONVERSION = YES;
				CLANG_WARN_NON_LITERAL_NULL_CONVERSION = YES;
				CLANG_WARN_OBJC_IMPLICIT_RETAIN_SELF = YES;
				CLANG_WARN_OBJC_LITERAL_CONVERSION = YES;
				CLANG_WARN_OBJC_ROOT_CLASS = YES_ERROR;
				CLANG_WARN_QUOTED_INCLUDE_IN_FRAMEWORK_HEADER = YES;
				CLANG_WARN_RANGE_LOOP_ANALYSIS = YES;
				CLANG_WARN_STRICT_PROTOTYPES = YES;
				CLANG_WARN_SUSPICIOUS_MOVE = YES;
				CLANG_WARN_UNGUARDED_AVAILABILITY = YES_AGGRESSIVE;
				CLANG_WARN_UNREACHABLE_CODE = YES;
				CLANG_WARN__DUPLICATE_METHOD_MATCH = YES;
				COPY_PHASE_STRIP = NO;
				DEBUG_INFORMATION_FORMAT = "dwarf-with-dsym";
				ENABLE_NS_ASSERTIONS = NO;
				ENABLE_STRICT_OBJC_MSGSEND = YES;
				GCC_C_LANGUAGE_STANDARD = gnu11;
				GCC_NO_COMMON_BLOCKS = YES;
				GCC_WARN_64_TO_32_BIT_CONVERSION = YES;
				GCC_WARN_ABOUT_RETURN_TYPE = YES_ERROR;
				GCC_WARN_UNDECLARED_SELECTOR = YES;
				GCC_WARN_UNINITIALIZED_AUTOS = YES_AGGRESSIVE;
				GCC_WARN_UNUSED_FUNCTION = YES;
				GCC_WARN_UNUSED_VARIABLE = YES;
				MACOSX_DEPLOYMENT_TARGET = 11.1;
				MTL_ENABLE_DEBUG_INFO = NO;
				MTL_FAST_MATH = YES;
				SDKROOT = macosx;
				SWIFT_COMPILATION_MODE = wholemodule;
				SWIFT_OPTIMIZATION_LEVEL = "-O";
			};
			name = Release;
		};
		D431D75C259CB84C00E14F8C /* Debug */ = {
			isa = XCBuildConfiguration;
			buildSettings = {
				CODE_SIGN_STYLE = Automatic;
				DEVELOPMENT_TEAM = 38DT2DCWWK;
				ENABLE_HARDENED_RUNTIME = YES;
				PRODUCT_NAME = "$(TARGET_NAME)";
				SWIFT_VERSION = 5.0;
			};
			name = Debug;
		};
		D431D75D259CB84C00E14F8C /* Release */ = {
			isa = XCBuildConfiguration;
			buildSettings = {
				CODE_SIGN_STYLE = Automatic;
				DEVELOPMENT_TEAM = 38DT2DCWWK;
				ENABLE_HARDENED_RUNTIME = YES;
				PRODUCT_NAME = "$(TARGET_NAME)";
				SWIFT_VERSION = 5.0;
			};
			name = Release;
		};
/* End XCBuildConfiguration section */

/* Begin XCConfigurationList section */
		D431D74F259CB84C00E14F8C /* Build configuration list for PBXProject "ProblemSolving" */ = {
			isa = XCConfigurationList;
			buildConfigurations = (
				D431D759259CB84C00E14F8C /* Debug */,
				D431D75A259CB84C00E14F8C /* Release */,
			);
			defaultConfigurationIsVisible = 0;
			defaultConfigurationName = Release;
		};
		D431D75B259CB84C00E14F8C /* Build configuration list for PBXNativeTarget "ProblemSolving" */ = {
			isa = XCConfigurationList;
			buildConfigurations = (
				D431D75C259CB84C00E14F8C /* Debug */,
				D431D75D259CB84C00E14F8C /* Release */,
			);
			defaultConfigurationIsVisible = 0;
			defaultConfigurationName = Release;
		};
/* End XCConfigurationList section */
	};
	rootObject = D431D74C259CB84C00E14F8C /* Project object */;
}
